#MicroXplorer Configuration settings - do not modify
BSP_IP_NAME=NUCLEO-WL55JC1
CAD.formats=
CAD.pinconfig=
CAD.provider=
CortexM0Plus.IPs=RCC,SYS_M0PLUS\:I,DMA,NVIC2\:I,IPCC,ADV_TRACE,GTZC_S\:I,LORAWAN,MISC,SEQUENCER_M0PLUS\:I,SIGFOX,SUBGHZ\:I,SUBGHZ_PHY,TIMER,TINY_LPM,GPIO,NUCLEO-WL55JC1,USART1\:I,KMS
CortexM4.IPs=FATFS\:I,RCC\:I,SYS\:I,DMA\:I,NVIC1\:I,USART2\:I,DEBUG\:I,IPCC\:I,ADV_TRACE\:I,FREERTOS\:I,GTZC_NS\:I,LORAWAN\:I,MISC\:I,SEQUENCER_M4\:I,SIGFOX\:I,SUBGHZ_PHY\:I,TIMER\:I,TINY_LPM\:I,GPIO\:I,NUCLEO-WL55JC1\:I,KMS\:I
File.Version=6
GPIO.groupedBy=
KeepUserPlacement=false
Mcu.CPN=STM32WL55JCI6
Mcu.Context0=CortexM4
Mcu.Context1=CortexM0Plus
Mcu.ContextNb=2
Mcu.ContextProject=DualCore
Mcu.Family=STM32WL
Mcu.IP0=FATFS
Mcu.IP1=NUCLEO-WL55JC1
Mcu.IP2=NVIC1
Mcu.IP3=NVIC2
Mcu.IP4=RCC
Mcu.IP5=SUBGHZ
Mcu.IP6=SYS_M0PLUS
Mcu.IP7=SYS
Mcu.IP8=USART1
Mcu.IPNb=10
Mcu.Name=STM32WL55JCIx
Mcu.Package=UFBGA73
Mcu.Pin0=PB15
Mcu.Pin1=PC14-OSC32_IN
Mcu.Pin10=PB0-VDD_TCXO
Mcu.Pin11=PC6
Mcu.Pin12=PA1
Mcu.Pin13=PB11
Mcu.Pin14=OSC_IN
Mcu.Pin15=PA3
Mcu.Pin16=PA2
Mcu.Pin17=VP_FATFS_VS_Generic
Mcu.Pin18=VP_SUBGHZ_VS_SUBGHZ
Mcu.Pin19=VP_SYS_VS_Systick
Mcu.Pin2=PB7
Mcu.Pin20=VP_SYS_M0PLUS_VS_Systick
Mcu.Pin21=VP_NUCLEO-WL55JC1_VS_BSP_COMMON
Mcu.Pin3=PB9
Mcu.Pin4=PC15-OSC32_OUT
Mcu.Pin5=PC3
Mcu.Pin6=PA0
Mcu.Pin7=PB6
Mcu.Pin8=PC5
Mcu.Pin9=PC4
Mcu.PinsNb=22
Mcu.ThirdPartyNb=0
Mcu.UserConstants=
Mcu.UserName=STM32WL55JCIx
MxCube.Version=6.16.0
MxDb.Version=DB.6.0.160
NUCLEO-WL55JC1.BUTTON=1
NUCLEO-WL55JC1.BUTTON2=1
NUCLEO-WL55JC1.BUTTON3=1
NUCLEO-WL55JC1.Bsp_Common_DEMO=true
NUCLEO-WL55JC1.IPParameters=LD3,BUTTON3,BUTTON2,LD1,BUTTON,LD2,VCP,Bsp_Common_DEMO
NUCLEO-WL55JC1.LD1=true
NUCLEO-WL55JC1.LD2=true
NUCLEO-WL55JC1.LD3=true
NUCLEO-WL55JC1.VCP=true
NVIC1.BusFault_IRQn=true\:0\:0\:false\:false\:true\:false\:false\:false\:false
NVIC1.DebugMonitor_IRQn=true\:0\:0\:false\:false\:true\:false\:false\:false\:false
NVIC1.ForceEnableDMAVector=true
NVIC1.HardFault_IRQn=true\:0\:0\:false\:false\:true\:false\:false\:false\:false
NVIC1.MemoryManagement_IRQn=true\:0\:0\:false\:false\:true\:false\:false\:false\:false
NVIC1.NonMaskableInt_IRQn=true\:0\:0\:false\:false\:true\:false\:false\:false\:false
NVIC1.PendSV_IRQn=true\:15\:0\:false\:false\:false\:true\:false\:false\:false
NVIC1.PriorityGroup=NVIC_PRIORITYGROUP_4
NVIC1.SVCall_IRQn=true\:0\:0\:false\:false\:false\:false\:false\:false\:false
NVIC1.SavedPendsvIrqHandlerGenerated=true
NVIC1.SavedSvcallIrqHandlerGenerated=true
NVIC1.SavedSystickIrqHandlerGenerated=true
NVIC1.SysTick_IRQn=true\:15\:0\:false\:false\:true\:true\:false\:true\:false
NVIC1.UsageFault_IRQn=true\:0\:0\:false\:false\:true\:false\:false\:false\:false
NVIC2.ForceEnableDMAVector=true
NVIC2.HardFault_IRQn=true\:0\:0\:false\:false\:true\:false\:false\:false
NVIC2.NonMaskableInt_IRQn=true\:0\:0\:false\:false\:true\:false\:false\:false
NVIC2.PendSV_IRQn=true\:0\:0\:false\:false\:true\:false\:false\:false
NVIC2.SUBGHZ_Radio_IRQn=true\:0\:0\:false\:false\:true\:true\:true\:true
NVIC2.SVC_IRQn=true\:0\:0\:false\:false\:true\:false\:false\:true
NVIC2.SysTick_IRQn=true\:0\:0\:false\:false\:true\:false\:true\:false
OSC_IN.Mode=HSE-TCXO
OSC_IN.Signal=RCC_OSC_IN
PA0.Locked=true
PA1.Locked=true
PA2.Locked=true
PA2.Signal=USART2_TX
PA3.Locked=true
PA3.Signal=USART2_RX
PB0-VDD_TCXO.Mode=HSE-TCXO
PB0-VDD_TCXO.Signal=VDDTCXO
PB11.Locked=true
PB15.Locked=true
PB6.GPIOParameters=PinAttribute
PB6.Mode=Asynchronous
PB6.PinAttribute=CortexM0Plus
PB6.Signal=USART1_TX
PB7.GPIOParameters=PinAttribute
PB7.Mode=Asynchronous
PB7.PinAttribute=CortexM0Plus
PB7.Signal=USART1_RX
PB9.Locked=true
PC14-OSC32_IN.GPIOParameters=GPIO_Label
PC14-OSC32_IN.GPIO_Label=RCC_OSC32_IN
PC14-OSC32_IN.Locked=true
PC14-OSC32_IN.Mode=LSE-External-Oscillator
PC14-OSC32_IN.Signal=RCC_OSC32_IN
PC15-OSC32_OUT.GPIOParameters=GPIO_Label
PC15-OSC32_OUT.GPIO_Label=RCC_OSC32_OUT
PC15-OSC32_OUT.Locked=true
PC15-OSC32_OUT.Mode=LSE-External-Oscillator
PC15-OSC32_OUT.Signal=RCC_OSC32_OUT
PC3.GPIOParameters=GPIO_Speed,GPIO_Label,PinAttribute
PC3.GPIO_Label=FE_CTRL3
PC3.GPIO_Speed=GPIO_SPEED_FREQ_VERY_HIGH
PC3.Locked=true
PC3.PinAttribute=Free
PC3.Signal=GPIO_Output
PC4.GPIOParameters=GPIO_Speed,GPIO_Label,PinAttribute
PC4.GPIO_Label=FE_CTRL1
PC4.GPIO_Speed=GPIO_SPEED_FREQ_VERY_HIGH
PC4.Locked=true
PC4.PinAttribute=Free
PC4.Signal=GPIO_Output
PC5.GPIOParameters=GPIO_Speed,GPIO_Label,PinAttribute
PC5.GPIO_Label=FE_CTRL2
PC5.GPIO_Speed=GPIO_SPEED_FREQ_VERY_HIGH
PC5.Locked=true
PC5.PinAttribute=Free
PC5.Signal=GPIO_Output
PC6.Locked=true
PCC.SUBGHZ.FrequencyBand=High
PCC.SUBGHZ.Modulation=FSK
PCC.SUBGHZ.OptionalSettings=false
PCC.SUBGHZ.Output.Power=14
PCC.SUBGHZ.PowerAmplifier=Low Power
PCC.SUBGHZ.RxBoosted=false
PCC.SUBGHZ.SMPS=Off
PinOutPanel.CurrentBGAView=Top
PinOutPanel.RotationAngle=0
ProjectManager.AskForMigrate=true
ProjectManager.BackupPrevious=false
ProjectManager.BootMode=boot0
ProjectManager.CompilerLinker=GCC
ProjectManager.CompilerOptimize=6
ProjectManager.ComputerToolchain=false
ProjectManager.CoupleFile=false
ProjectManager.CustomerFirmwarePackage=
ProjectManager.DefaultFWLocation=true
ProjectManager.DeletePrevious=true
ProjectManager.DeviceId=STM32WL55JCIx
ProjectManager.FirmwarePackage=STM32Cube FW_WL V1.4.0
ProjectManager.FreePins=false
ProjectManager.FreePinsContext=CortexM4
ProjectManager.HalAssertFull=false
ProjectManager.HeapSize=M4-0x200,M0P-0x200
ProjectManager.KeepUserCode=true
ProjectManager.LastFirmware=true
ProjectManager.LibraryCopy=1
ProjectManager.MainLocation=Core/Src
ProjectManager.NoMain=false
ProjectManager.PreviousToolchain=
ProjectManager.ProjectBuild=false
ProjectManager.ProjectFileName=LoRa.ioc
ProjectManager.ProjectName=LoRa
ProjectManager.ProjectStructure=M4\:CortexM4 Project\:true;M0P\:CortexM0Plus Project\:true;
ProjectManager.RegisterCallBack=SUBGHZ
ProjectManager.StackSize=M4-0x400,M0P-0x400
ProjectManager.TargetToolchain=STM32CubeIDE
ProjectManager.ToolChainLocation=
ProjectManager.UAScriptAfterPath=
ProjectManager.UAScriptBeforePath=
ProjectManager.UnderRoot=true
ProjectManager.functionlistsort=1-SystemClock_Config-RCC-false-HAL-false-CortexM4,2-MX_FATFS_Init-FATFS-false-HAL-false-CortexM4,1-MX_GPIO_Init-GPIO-false-HAL-true-CortexM0Plus,2-MX_SUBGHZ_Init-SUBGHZ-false-HAL-true-CortexM0Plus,3-MX_USART1_UART_Init-USART1-false-HAL-true-CortexM0Plus,false-0--NUCLEO-WL55JC1-true-HAL-true-CortexM4
RCC.AHBFreq_Value=48000000
RCC.APB1Freq_Value=48000000
RCC.APB1TimFreq_Value=48000000
RCC.APB2Freq_Value=48000000
RCC.APB2TimFreq_Value=48000000
RCC.APB3Freq_Value=48000000
RCC.Cortex2Freq_Value=48000000
RCC.CortexFreq_Value=48000000
RCC.FCLK2Freq_Value=48000000
RCC.FCLKCortexFreq_Value=48000000
RCC.FLatency=FLASH_LATENCY_2
RCC.FamilyName=M
RCC.HCLK2Freq_Value=48000000
RCC.HCLK3Freq_Value=48000000
RCC.HCLKFreq_Value=48000000
RCC.HSE_VALUE=32000000
RCC.HSI_VALUE=16000000
RCC.I2C1Freq_Value=48000000
RCC.I2C2Freq_Value=48000000
RCC.I2C3Freq_Value=48000000
RCC.I2S2Freq_Value=16000000
RCC.IPParameters=AHBFreq_Value,APB1Freq_Value,APB1TimFreq_Value,APB2Freq_Value,APB2TimFreq_Value,APB3Freq_Value,Cortex2Freq_Value,CortexFreq_Value,FCLK2Freq_Value,FCLKCortexFreq_Value,FLatency,FamilyName,HCLK2Freq_Value,HCLK3Freq_Value,HCLKFreq_Value,HSE_VALUE,HSI_VALUE,I2C1Freq_Value,I2C2Freq_Value,I2C3Freq_Value,I2S2Freq_Value,LPTIM1Freq_Value,LPTIM2Freq_Value,LPTIM3Freq_Value,LPUART1Freq_Value,LSCOPinFreq_Value,LSE_VALUE,MCO1PinFreq_Value,PLLM,PLLN,PLLPoutputFreq_Value,PLLQoutputFreq_Value,PLLRCLKFreq_Value,PLLSourceVirtual,PWRFreq_Value,RNGFreq_Value,SYSCLKFreq_VALUE,SYSCLKSource,USART1Freq_Value,USART2Freq_Value,VCOInputFreq_Value,VCOOutputFreq_Value
RCC.LPTIM1Freq_Value=48000000
RCC.LPTIM2Freq_Value=48000000
RCC.LPTIM3Freq_Value=48000000
RCC.LPUART1Freq_Value=48000000
RCC.LSCOPinFreq_Value=32000
RCC.LSE_VALUE=32768
RCC.MCO1PinFreq_Value=48000000
RCC.PLLM=RCC_PLLM_DIV2
RCC.PLLN=6
RCC.PLLPoutputFreq_Value=48000000
RCC.PLLQoutputFreq_Value=48000000
RCC.PLLRCLKFreq_Value=48000000
RCC.PLLSourceVirtual=RCC_PLLSOURCE_HSE
RCC.PWRFreq_Value=48000000
RCC.RNGFreq_Value=32000
RCC.SYSCLKFreq_VALUE=48000000
RCC.SYSCLKSource=RCC_SYSCLKSOURCE_PLLCLK
RCC.USART1Freq_Value=48000000
RCC.USART2Freq_Value=48000000
RCC.VCOInputFreq_Value=16000000
RCC.VCOOutputFreq_Value=96000000
SYS.userName=SYS_M4
SYS_M0PLUS.userName=SYS_M0+
USART1.IPParameters=VirtualMode-Asynchronous
USART1.VirtualMode-Asynchronous=VM_ASYNC
VP_FATFS_VS_Generic.Mode=User_defined
VP_FATFS_VS_Generic.Signal=FATFS_VS_Generic
VP_NUCLEO-WL55JC1_VS_BSP_COMMON.Mode=COMMON
VP_NUCLEO-WL55JC1_VS_BSP_COMMON.Signal=NUCLEO-WL55JC1_VS_BSP_COMMON
VP_SUBGHZ_VS_SUBGHZ.Mode=SUBGHZ_Activate
VP_SUBGHZ_VS_SUBGHZ.Signal=SUBGHZ_VS_SUBGHZ
VP_SYS_M0PLUS_VS_Systick.Mode=SysTick
VP_SYS_M0PLUS_VS_Systick.Signal=SYS_M0PLUS_VS_Systick
VP_SYS_VS_Systick.Mode=SysTick
VP_SYS_VS_Systick.Signal=SYS_VS_Systick
board=NUCLEO-WL55JC1
boardIOC=true
rtos.0.ip=FREERTOS
